
Microsoft Visual Studio Solution File, Format Version 12.00
# Visual Studio Version 17
VisualStudioVersion = 17.14.37111.16 d17.14
MinimumVisualStudioVersion = 10.0.40219.1
Project("{FAE04EC0-301F-11D3-BF4B-00C04F79EFBC}") = "EmployeeManagement", "EmployeeManagement\EmployeeManagement.csproj", "{64C5A3F8-E8DC-4E26-A7A4-A6DEEA5BE468}"
EndProject
Global
	GlobalSection(SolutionConfigurationPlatforms) = preSolution
		Debug|Any CPU = Debug|Any CPU
		Release|Any CPU = Release|Any CPU
	EndGlobalSection
	GlobalSection(ProjectConfigurationPlatforms) = postSolution
		{64C5A3F8-E8DC-4E26-A7A4-A6DEEA5BE468}.Debug|Any CPU.ActiveCfg = Debug|Any CPU
		{64C5A3F8-E8DC-4E26-A7A4-A6DEEA5BE468}.Debug|Any CPU.Build.0 = Debug|Any CPU
		{64C5A3F8-E8DC-4E26-A7A4-A6DEEA5BE468}.Release|Any CPU.ActiveCfg = Release|Any CPU
		{64C5A3F8-E8DC-4E26-A7A4-A6DEEA5BE468}.Release|Any CPU.Build.0 = Release|Any CPU
	EndGlobalSection
	GlobalSection(SolutionProperties) = preSolution
		HideSolutionNode = FALSE
	EndGlobalSection
	GlobalSection(ExtensibilityGlobals) = postSolution
		SolutionGuid = {1213D58F-9D3F-4A29-AD9C-BD85DCE7E0B8}
	EndGlobalSection
EndGlobal
